
Microsoft Visual Studio Solution File, Format Version 12.00
# Visual Studio 15
Project("{FAE04EC0-301F-11D3-BF4B-00C04F79EFBC}") = "RPG_V0.13", "Assembly-CSharp.csproj", "{0450C207-FCB1-6AC7-EA55-E7EEA472B0EC}"
EndProject
Global
	GlobalSection(SolutionConfigurationPlatforms) = preSolution
		Debug|Any CPU = Debug|Any CPU
		Release|Any CPU = Release|Any CPU
	EndGlobalSection
	GlobalSection(ProjectConfigurationPlatforms) = postSolution
		{0450C207-FCB1-6AC7-EA55-E7EEA472B0EC}.Debug|Any CPU.ActiveCfg = Debug|Any CPU
		{0450C207-FCB1-6AC7-EA55-E7EEA472B0EC}.Debug|Any CPU.Build.0 = Debug|Any CPU
		{0450C207-FCB1-6AC7-EA55-E7EEA472B0EC}.Release|Any CPU.ActiveCfg = Release|Any CPU
		{0450C207-FCB1-6AC7-EA55-E7EEA472B0EC}.Release|Any CPU.Build.0 = Release|Any CPU
	EndGlobalSection
	GlobalSection(SolutionProperties) = preSolution
		HideSolutionNode = FALSE
	EndGlobalSection
EndGlobal
